PODS:
  - GoogleMaps (6.0.1):
    - GoogleMaps/Maps (= 6.0.1)
  - GoogleMaps/Base (6.0.1)
  - GoogleMaps/Maps (6.0.1):
    - GoogleMaps/Base

DEPENDENCIES:
  - GoogleMaps (= 6.0.1)

SPEC REPOS:
  https://github.com/CocoaPods/Specs.git:
    - GoogleMaps

SPEC CHECKSUMS:
  GoogleMaps: c213fc2334b7374144cede914da779b99be0ab74

PODFILE CHECKSUM: cd23a141ab79f7ab2d289d131bc29baf5e92838f

COCOAPODS: 1.11.2
